// !$*UTF8*$!
{
	archiveVersion = 1;
	classes = {
	};
	objectVersion = 46;
	objects = {

/* Begin PBXBuildFile section */
		87F26FAD1CCEFAE7001468D5 /* main.m in Sources */ = {isa = PBXBuildFile; fileRef = 87F26FAC1CCEFAE7001468D5 /* main.m */; };
		87F26FB01CCEFAE7001468D5 /* AppDelegate.m in Sources */ = {isa = PBXBuildFile; fileRef = 87F26FAF1CCEFAE7001468D5 /* AppDelegate.m */; };
		87F26FB31CCEFAE7001468D5 /* ViewController.m in Sources */ = {isa = PBXBuildFile; fileRef = 87F26FB21CCEFAE7001468D5 /* ViewController.m */; };
		87F26FB61CCEFAE7001468D5 /* Main.storyboard in Resources */ = {isa = PBXBuildFile; fileRef = 87F26FB41CCEFAE7001468D5 /* Main.storyboard */; };
		87F26FB91CCEFAE7001468D5 /* LateralSpreads.xcdatamodeld in Sources */ = {isa = PBXBuildFile; fileRef = 87F26FB71CCEFAE7001468D5 /* LateralSpreads.xcdatamodeld */; };
		87F26FBB1CCEFAE8001468D5 /* Assets.xcassets in Resources */ = {isa = PBXBuildFile; fileRef = 87F26FBA1CCEFAE8001468D5 /* Assets.xcassets */; };
		87F26FBE1CCEFAE8001468D5 /* LaunchScreen.storyboard in Resources */ = {isa = PBXBuildFile; fileRef = 87F26FBC1CCEFAE8001468D5 /* LaunchScreen.storyboard */; };
/* End PBXBuildFile section */

/* Begin PBXFileReference section */
		87F26FA81CCEFAE7001468D5 /* LateralSpreads.app */ = {isa = PBXFileReference; explicitFileType = wrapper.application; includeInIndex = 0; path = LateralSpreads.app; sourceTree = BUILT_PRODUCTS_DIR; };
		87F26FAC1CCEFAE7001468D5 /* main.m */ = {isa = PBXFileReference; lastKnownFileType = sourcecode.c.objc; path = main.m; sourceTree = "<group>"; };
		87F26FAE1CCEFAE7001468D5 /* AppDelegate.h */ = {isa = PBXFileReference; lastKnownFileType = sourcecode.c.h; path = AppDelegate.h; sourceTree = "<group>"; };
		87F26FAF1CCEFAE7001468D5 /* AppDelegate.m */ = {isa = PBXFileReference; lastKnownFileType = sourcecode.c.objc; path = AppDelegate.m; sourceTree = "<group>"; };
		87F26FB11CCEFAE7001468D5 /* ViewController.h */ = {isa = PBXFileReference; lastKnownFileType = sourcecode.c.h; path = ViewController.h; sourceTree = "<group>"; };
		87F26FB21CCEFAE7001468D5 /* ViewController.m */ = {isa = PBXFileReference; lastKnownFileType = sourcecode.c.objc; path = ViewController.m; sourceTree = "<group>"; };
		87F26FB51CCEFAE7001468D5 /* Base */ = {isa = PBXFileReference; lastKnownFileType = file.storyboard; name = Base; path = Base.lproj/Main.storyboard; sourceTree = "<group>"; };
		87F26FB81CCEFAE7001468D5 /* LateralSpreads.xcdatamodel */ = {isa = PBXFileReference; lastKnownFileType = wrapper.xcdatamodel; path = LateralSpreads.xcdatamodel; sourceTree = "<group>"; };
		87F26FBA1CCEFAE8001468D5 /* Assets.xcassets */ = {isa = PBXFileReference; lastKnownFileType = folder.assetcatalog; path = Assets.xcassets; sourceTree = "<group>"; };
		87F26FBD1CCEFAE8001468D5 /* Base */ = {isa = PBXFileReference; lastKnownFileType = file.storyboard; name = Base; path = Base.lproj/LaunchScreen.storyboard; sourceTree = "<group>"; };
		87F26FBF1CCEFAE8001468D5 /* Info.plist */ = {isa = PBXFileReference; lastKnownFileType = text.plist.xml; path = Info.plist; sourceTree = "<group>"; };
/* End PBXFileReference section */

/* Begin PBXFrameworksBuildPhase section */
		87F26FA51CCEFAE7001468D5 /* Frameworks */ = {
			isa = PBXFrameworksBuildPhase;
			buildActionMask = 2147483647;
			files = (
			);
			runOnlyForDeploymentPostprocessing = 0;
		};
/* End PBXFrameworksBuildPhase section */

/* Begin PBXGroup section */
		87F26F9F1CCEFAE7001468D5 = {
			isa = PBXGroup;
			children = (
				87F26FAA1CCEFAE7001468D5 /* LateralSpreads */,
				87F26FA91CCEFAE7001468D5 /* Products */,
			);
			sourceTree = "<group>";
		};
		87F26FA91CCEFAE7001468D5 /* Products */ = {
			isa = PBXGroup;
			children = (
				87F26FA81CCEFAE7001468D5 /* LateralSpreads.app */,
			);
			name = Products;
			sourceTree = "<group>";
		};
		87F26FAA1CCEFAE7001468D5 /* LateralSpreads */ = {
			isa = PBXGroup;
			children = (
				87F26FAE1CCEFAE7001468D5 /* AppDelegate.h */,
				87F26FAF1CCEFAE7001468D5 /* AppDelegate.m */,
				87F26FB11CCEFAE7001468D5 /* ViewController.h */,
				87F26FB21CCEFAE7001468D5 /* ViewController.m */,
				87F26FB41CCEFAE7001468D5 /* Main.storyboard */,
				87F26FBA1CCEFAE8001468D5 /* Assets.xcassets */,
				87F26FBC1CCEFAE8001468D5 /* LaunchScreen.storyboard */,
				87F26FBF1CCEFAE8001468D5 /* Info.plist */,
				87F26FB71CCEFAE7001468D5 /* LateralSpreads.xcdatamodeld */,
				87F26FAB1CCEFAE7001468D5 /* Supporting Files */,
			);
			path = LateralSpreads;
			sourceTree = "<group>";
		};
		87F26FAB1CCEFAE7001468D5 /* Supporting Files */ = {
			isa = PBXGroup;
			children = (
				87F26FAC1CCEFAE7001468D5 /* main.m */,
			);
			name = "Supporting Files";
			sourceTree = "<group>";
		};
/* End PBXGroup section */

/* Begin PBXNativeTarget section */
		87F26FA71CCEFAE7001468D5 /* LateralSpreads */ = {
			isa = PBXNativeTarget;
			buildConfigurationList = 87F26FC21CCEFAE8001468D5 /* Build configuration list for PBXNativeTarget "LateralSpreads" */;
			buildPhases = (
				87F26FA41CCEFAE7001468D5 /* Sources */,
				87F26FA51CCEFAE7001468D5 /* Frameworks */,
				87F26FA61CCEFAE7001468D5 /* Resources */,
			);
			buildRules = (
			);
			dependencies = (
			);
			name = LateralSpreads;
			productName = LateralSpreads;
			productReference = 87F26FA81CCEFAE7001468D5 /* LateralSpreads.app */;
			productType = "com.apple.product-type.application";
		};
/* End PBXNativeTarget section */

/* Begin PBXProject section */
		87F26FA01CCEFAE7001468D5 /* Project object */ = {
			isa = PBXProject;
			attributes = {
				LastUpgradeCheck = 0720;
				ORGANIZATIONNAME = LYC;
				TargetAttributes = {
					87F26FA71CCEFAE7001468D5 = {
						CreatedOnToolsVersion = 7.2.1;
					};
				};
			};
			buildConfigurationList = 87F26FA31CCEFAE7001468D5 /* Build configuration list for PBXProject "LateralSpreads" */;
			compatibilityVersion = "Xcode 3.2";
			developmentRegion = English;
			hasScannedForEncodings = 0;
			knownRegions = (
				en,
				Base,
			);
			mainGroup = 87F26F9F1CCEFAE7001468D5;
			productRefGroup = 87F26FA91CCEFAE7001468D5 /* Products */;
			projectDirPath = "";
			projectRoot = "";
			targets = (
				87F26FA71CCEFAE7001468D5 /* LateralSpreads */,
			);
		};
/* End PBXProject section */

/* Begin PBXResourcesBuildPhase section */
		87F26FA61CCEFAE7001468D5 /* Resources */ = {
			isa = PBXResourcesBuildPhase;
			buildActionMask = 2147483647;
			files = (
				87F26FBE1CCEFAE8001468D5 /* LaunchScreen.storyboard in Resources */,
				87F26FBB1CCEFAE8001468D5 /* Assets.xcassets in Resources */,
				87F26FB61CCEFAE7001468D5 /* Main.storyboard in Resources */,
			);
			runOnlyForDeploymentPostprocessing = 0;
		};
/* End PBXResourcesBuildPhase section */

/* Begin PBXSourcesBuildPhase section */
		87F26FA41CCEFAE7001468D5 /* Sources */ = {
			isa = PBXSourcesBuildPhase;
			buildActionMask = 2147483647;
			files = (
				87F26FB31CCEFAE7001468D5 /* ViewController.m in Sources */,
				87F26FB01CCEFAE7001468D5 /* AppDelegate.m in Sources */,
				87F26FB91CCEFAE7001468D5 /* LateralSpreads.xcdatamodeld in Sources */,
				87F26FAD1CCEFAE7001468D5 /* main.m in Sources */,
			);
			runOnlyForDeploymentPostprocessing = 0;
		};
/* End PBXSourcesBuildPhase section */

/* Begin PBXVariantGroup section */
		87F26FB41CCEFAE7001468D5 /* Main.storyboard */ = {
			isa = PBXVariantGroup;
			children = (
				87F26FB51CCEFAE7001468D5 /* Base */,
			);
			name = Main.storyboard;
			sourceTree = "<group>";
		};
		87F26FBC1CCEFAE8001468D5 /* LaunchScreen.storyboard */ = {
			isa = PBXVariantGroup;
			children = (
				87F26FBD1CCEFAE8001468D5 /* Base */,
			);
			name = LaunchScreen.storyboard;
			sourceTree = "<group>";
		};
/* End PBXVariantGroup section */

/* Begin XCBuildConfiguration section */
		87F26FC01CCEFAE8001468D5 /* Debug */ = {
			isa = XCBuildConfiguration;
			buildSettings = {
				ALWAYS_SEARCH_USER_PATHS = NO;
				CLANG_CXX_LANGUAGE_STANDARD = "gnu++0x";
				CLANG_CXX_LIBRARY = "libc++";
				CLANG_ENABLE_MODULES = YES;
				CLANG_ENABLE_OBJC_ARC = YES;
				CLANG_WARN_BOOL_CONVERSION = YES;
				CLANG_WARN_CONSTANT_CONVERSION = YES;
				CLANG_WARN_DIRECT_OBJC_ISA_USAGE = YES_ERROR;
				CLANG_WARN_EMPTY_BODY = YES;
				CLANG_WARN_ENUM_CONVERSION = YES;
				CLANG_WARN_INT_CONVERSION = YES;
				CLANG_WARN_OBJC_ROOT_CLASS = YES_ERROR;
				CLANG_WARN_UNREACHABLE_CODE = YES;
				CLANG_WARN__DUPLICATE_METHOD_MATCH = YES;
				"CODE_SIGN_IDENTITY[sdk=iphoneos*]" = "iPhone Developer";
				COPY_PHASE_STRIP = NO;
				DEBUG_INFORMATION_FORMAT = dwarf;
				ENABLE_STRICT_OBJC_MSGSEND = YES;
				ENABLE_TESTABILITY = YES;
				GCC_C_LANGUAGE_STANDARD = gnu99;
				GCC_DYNAMIC_NO_PIC = NO;
				GCC_NO_COMMON_BLOCKS = YES;
				GCC_OPTIMIZATION_LEVEL = 0;
				GCC_PREPROCESSOR_DEFINITIONS = (
					"DEBUG=1",
					"$(inherited)",
				);
				GCC_WARN_64_TO_32_BIT_CONVERSION = YES;
				GCC_WARN_ABOUT_RETURN_TYPE = YES_ERROR;
				GCC_WARN_UNDECLARED_SELECTOR = YES;
				GCC_WARN_UNINITIALIZED_AUTOS = YES_AGGRESSIVE;
				GCC_WARN_UNUSED_FUNCTION = YES;
				GCC_WARN_UNUSED_VARIABLE = YES;
				IPHONEOS_DEPLOYMENT_TARGET = 9.2;
				MTL_ENABLE_DEBUG_INFO = YES;
				ONLY_ACTIVE_ARCH = YES;
				SDKROOT = iphoneos;
			};
			name = Debug;
		};
		87F26FC11CCEFAE8001468D5 /* Release */ = {
			isa = XCBuildConfiguration;
			buildSettings = {
				ALWAYS_SEARCH_USER_PATHS = NO;
				CLANG_CXX_LANGUAGE_STANDARD = "gnu++0x";
				CLANG_CXX_LIBRARY = "libc++";
				CLANG_ENABLE_MODULES = YES;
				CLANG_ENABLE_OBJC_ARC = YES;
				CLANG_WARN_BOOL_CONVERSION = YES;
				CLANG_WARN_CONSTANT_CONVERSION = YES;
				CLANG_WARN_DIRECT_OBJC_ISA_USAGE = YES_ERROR;
				CLANG_WARN_EMPTY_BODY = YES;
				CLANG_WARN_ENUM_CONVERSION = YES;
				CLANG_WARN_INT_CONVERSION = YES;
				CLANG_WARN_OBJC_ROOT_CLASS = YES_ERROR;
				CLANG_WARN_UNREACHABLE_CODE = YES;
				CLANG_WARN__DUPLICATE_METHOD_MATCH = YES;
				"CODE_SIGN_IDENTITY[sdk=iphoneos*]" = "iPhone Developer";
				COPY_PHASE_STRIP = NO;
				DEBUG_INFORMATION_FORMAT = "dwarf-with-dsym";
				ENABLE_NS_ASSERTIONS = NO;
				ENABLE_STRICT_OBJC_MSGSEND = YES;
				GCC_C_LANGUAGE_STANDARD = gnu99;
				GCC_NO_COMMON_BLOCKS = YES;
				GCC_WARN_64_TO_32_BIT_CONVERSION = YES;
				GCC_WARN_ABOUT_RETURN_TYPE = YES_ERROR;
				GCC_WARN_UNDECLARED_SELECTOR = YES;
				GCC_WARN_UNINITIALIZED_AUTOS = YES_AGGRESSIVE;
				GCC_WARN_UNUSED_FUNCTION = YES;
				GCC_WARN_UNUSED_VARIABLE = YES;
				IPHONEOS_DEPLOYMENT_TARGET = 9.2;
				MTL_ENABLE_DEBUG_INFO = NO;
				SDKROOT = iphoneos;
				VALIDATE_PRODUCT = YES;
			};
			name = Release;
		};
		87F26FC31CCEFAE8001468D5 /* Debug */ = {
			isa = XCBuildConfiguration;
			buildSettings = {
				ASSETCATALOG_COMPILER_APPICON_NAME = AppIcon;
				INFOPLIST_FILE = LateralSpreads/Info.plist;
				LD_RUNPATH_SEARCH_PATHS = "$(inherited) @executable_path/Frameworks";
				PRODUCT_BUNDLE_IDENTIFIER = com.CYY.LateralSpreads;
				PRODUCT_NAME = "$(TARGET_NAME)";
			};
			name = Debug;
		};
		87F26FC41CCEFAE8001468D5 /* Release */ = {
			isa = XCBuildConfiguration;
			buildSettings = {
				ASSETCATALOG_COMPILER_APPICON_NAME = AppIcon;
				INFOPLIST_FILE = LateralSpreads/Info.plist;
				LD_RUNPATH_SEARCH_PATHS = "$(inherited) @executable_path/Frameworks";
				PRODUCT_BUNDLE_IDENTIFIER = com.CYY.LateralSpreads;
				PRODUCT_NAME = "$(TARGET_NAME)";
			};
			name = Release;
		};
/* End XCBuildConfiguration section */

/* Begin XCConfigurationList section */
		87F26FA31CCEFAE7001468D5 /* Build configuration list for PBXProject "LateralSpreads" */ = {
			isa = XCConfigurationList;
			buildConfigurations = (
				87F26FC01CCEFAE8001468D5 /* Debug */,
				87F26FC11CCEFAE8001468D5 /* Release */,
			);
			defaultConfigurationIsVisible = 0;
			defaultConfigurationName = Release;
		};
		87F26FC21CCEFAE8001468D5 /* Build configuration list for PBXNativeTarget "LateralSpreads" */ = {
			isa = XCConfigurationList;
			buildConfigurations = (
				87F26FC31CCEFAE8001468D5 /* Debug */,
				87F26FC41CCEFAE8001468D5 /* Release */,
			);
			defaultConfigurationIsVisible = 0;
		};
/* End XCConfigurationList section */

/* Begin XCVersionGroup section */
		87F26FB71CCEFAE7001468D5 /* LateralSpreads.xcdatamodeld */ = {
			isa = XCVersionGroup;
			children = (
				87F26FB81CCEFAE7001468D5 /* LateralSpreads.xcdatamodel */,
			);
			currentVersion = 87F26FB81CCEFAE7001468D5 /* LateralSpreads.xcdatamodel */;
			path = LateralSpreads.xcdatamodeld;
			sourceTree = "<group>";
			versionGroupType = wrapper.xcdatamodel;
		};
/* End XCVersionGroup section */
	};
	rootObject = 87F26FA01CCEFAE7001468D5 /* Project object */;
}
